github.com/antlr/antlr4 v0.0.0-20190922154701-7982187134a6 h1:qGBE0ODSxUVyCm1ZEZuXFvddTfk2qMH3cnmAcbgmC04=
github.com/antlr/antlr4 v0.0.0-20191001151551-d82697db1ed3 h1:tUQJxbW+qChzw45egqgdlxItTVg8HJaw668zvRzwzZ8=
github.com/antlr/antlr4 v0.0.0-20191001151551-d82697db1ed3/go.mod h1:T7PbCXFs94rrTttyxjbyT5+/1V8T2TYDejxUfHJjw1Y=
